
Microsoft Visual Studio Solution File, Format Version 12.00
# Visual Studio 15
VisualStudioVersion = 15.0.28010.2041
MinimumVisualStudioVersion = 10.0.40219.1
Project("{FAE04EC0-301F-11D3-BF4B-00C04F79EFBC}") = "ex1", "ex1\ex1.csproj", "{B917AABF-9A08-4DEE-989C-61C054446DE1}"
EndProject
Project("{FAE04EC0-301F-11D3-BF4B-00C04F79EFBC}") = "ex2", "ex2\ex2.csproj", "{714246E4-3951-4BA6-A64D-19EE7F93D8B8}"
EndProject
Global
	GlobalSection(SolutionConfigurationPlatforms) = preSolution
		Debug|Any CPU = Debug|Any CPU
		Release|Any CPU = Release|Any CPU
	EndGlobalSection
	GlobalSection(ProjectConfigurationPlatforms) = postSolution
		{B917AABF-9A08-4DEE-989C-61C054446DE1}.Debug|Any CPU.ActiveCfg = Debug|Any CPU
		{B917AABF-9A08-4DEE-989C-61C054446DE1}.Debug|Any CPU.Build.0 = Debug|Any CPU
		{B917AABF-9A08-4DEE-989C-61C054446DE1}.Release|Any CPU.ActiveCfg = Release|Any CPU
		{B917AABF-9A08-4DEE-989C-61C054446DE1}.Release|Any CPU.Build.0 = Release|Any CPU
		{714246E4-3951-4BA6-A64D-19EE7F93D8B8}.Debug|Any CPU.ActiveCfg = Debug|Any CPU
		{714246E4-3951-4BA6-A64D-19EE7F93D8B8}.Debug|Any CPU.Build.0 = Debug|Any CPU
		{714246E4-3951-4BA6-A64D-19EE7F93D8B8}.Release|Any CPU.ActiveCfg = Release|Any CPU
		{714246E4-3951-4BA6-A64D-19EE7F93D8B8}.Release|Any CPU.Build.0 = Release|Any CPU
	EndGlobalSection
	GlobalSection(SolutionProperties) = preSolution
		HideSolutionNode = FALSE
	EndGlobalSection
	GlobalSection(ExtensibilityGlobals) = postSolution
		SolutionGuid = {271B5456-B6F8-4C7F-AEC0-8AF1C248AD64}
	EndGlobalSection
EndGlobal
